
Microsoft Visual Studio Solution File, Format Version 12.00
# Visual Studio 15
VisualStudioVersion = 15.0.28010.2048
MinimumVisualStudioVersion = 10.0.40219.1
Project("{FAE04EC0-301F-11D3-BF4B-00C04F79EFBC}") = "ZugGUI", "ZugGUI\ZugGUI.csproj", "{69E52D7E-AB07-4FA0-B1E0-C8BB3DD263D7}"
EndProject
Global
	GlobalSection(SolutionConfigurationPlatforms) = preSolution
		Debug|Any CPU = Debug|Any CPU
		Release|Any CPU = Release|Any CPU
	EndGlobalSection
	GlobalSection(ProjectConfigurationPlatforms) = postSolution
		{69E52D7E-AB07-4FA0-B1E0-C8BB3DD263D7}.Debug|Any CPU.ActiveCfg = Debug|Any CPU
		{69E52D7E-AB07-4FA0-B1E0-C8BB3DD263D7}.Debug|Any CPU.Build.0 = Debug|Any CPU
		{69E52D7E-AB07-4FA0-B1E0-C8BB3DD263D7}.Release|Any CPU.ActiveCfg = Release|Any CPU
		{69E52D7E-AB07-4FA0-B1E0-C8BB3DD263D7}.Release|Any CPU.Build.0 = Release|Any CPU
	EndGlobalSection
	GlobalSection(SolutionProperties) = preSolution
		HideSolutionNode = FALSE
	EndGlobalSection
	GlobalSection(ExtensibilityGlobals) = postSolution
		SolutionGuid = {14540D6D-8FB3-40AE-AB62-88A9418DA450}
	EndGlobalSection
EndGlobal
