
Microsoft Visual Studio Solution File, Format Version 12.00
# Visual Studio 15
VisualStudioVersion = 15.0.28010.2048
MinimumVisualStudioVersion = 10.0.40219.1
Project("{FAE04EC0-301F-11D3-BF4B-00C04F79EFBC}") = "HalloWelt", "HalloWelt\HalloWelt.csproj", "{33064964-BBD8-461B-A952-0671814861FF}"
EndProject
Global
	GlobalSection(SolutionConfigurationPlatforms) = preSolution
		Debug|Any CPU = Debug|Any CPU
		Release|Any CPU = Release|Any CPU
	EndGlobalSection
	GlobalSection(ProjectConfigurationPlatforms) = postSolution
		{33064964-BBD8-461B-A952-0671814861FF}.Debug|Any CPU.ActiveCfg = Debug|Any CPU
		{33064964-BBD8-461B-A952-0671814861FF}.Debug|Any CPU.Build.0 = Debug|Any CPU
		{33064964-BBD8-461B-A952-0671814861FF}.Release|Any CPU.ActiveCfg = Release|Any CPU
		{33064964-BBD8-461B-A952-0671814861FF}.Release|Any CPU.Build.0 = Release|Any CPU
	EndGlobalSection
	GlobalSection(SolutionProperties) = preSolution
		HideSolutionNode = FALSE
	EndGlobalSection
	GlobalSection(ExtensibilityGlobals) = postSolution
		SolutionGuid = {49ED0349-515E-44D4-9262-1F0CCAAF74CC}
	EndGlobalSection
EndGlobal
